// !$*UTF8*$!
{
	archiveVersion = 1;
	classes = {
	};
	objectVersion = 50;
	objects = {

/* Begin PBXBuildFile section */
		67137B30217671C1009C9C58 /* GameObject.cpp in Sources */ = {isa = PBXBuildFile; fileRef = 67137B2E217671C1009C9C58 /* GameObject.cpp */; };
		67137B3321767611009C9C58 /* GameObjectManager.cpp in Sources */ = {isa = PBXBuildFile; fileRef = 67137B3121767611009C9C58 /* GameObjectManager.cpp */; };
		67137B352177C3AA009C9C58 /* stage.png in Resources */ = {isa = PBXBuildFile; fileRef = 67137B342177C3AA009C9C58 /* stage.png */; };
		67137B382177C7FB009C9C58 /* Player.cpp in Sources */ = {isa = PBXBuildFile; fileRef = 67137B362177C7FB009C9C58 /* Player.cpp */; };
		67137B3F21790818009C9C58 /* Animation.cpp in Sources */ = {isa = PBXBuildFile; fileRef = 67137B3D21790818009C9C58 /* Animation.cpp */; };
		67137B4321792884009C9C58 /* supermario.png in Resources */ = {isa = PBXBuildFile; fileRef = 67137B4221792884009C9C58 /* supermario.png */; };
		67F9D0002176610400E4B0E6 /* ResourcePath.mm in Sources */ = {isa = PBXBuildFile; fileRef = 67F9CFFF2176610400E4B0E6 /* ResourcePath.mm */; };
		67F9D0032176610400E4B0E6 /* main.cpp in Sources */ = {isa = PBXBuildFile; fileRef = 67F9D0022176610400E4B0E6 /* main.cpp */; };
		67F9D00C2176610400E4B0E6 /* icon.png in Resources */ = {isa = PBXBuildFile; fileRef = 67F9D00B2176610400E4B0E6 /* icon.png */; };
		67F9D0142176690C00E4B0E6 /* Game.cpp in Sources */ = {isa = PBXBuildFile; fileRef = 67F9D0122176690C00E4B0E6 /* Game.cpp */; };
/* End PBXBuildFile section */

/* Begin PBXFileReference section */
		67137B2E217671C1009C9C58 /* GameObject.cpp */ = {isa = PBXFileReference; lastKnownFileType = sourcecode.cpp.cpp; path = GameObject.cpp; sourceTree = "<group>"; };
		67137B2F217671C1009C9C58 /* GameObject.hpp */ = {isa = PBXFileReference; lastKnownFileType = sourcecode.cpp.h; path = GameObject.hpp; sourceTree = "<group>"; };
		67137B3121767611009C9C58 /* GameObjectManager.cpp */ = {isa = PBXFileReference; lastKnownFileType = sourcecode.cpp.cpp; path = GameObjectManager.cpp; sourceTree = "<group>"; };
		67137B3221767611009C9C58 /* GameObjectManager.hpp */ = {isa = PBXFileReference; lastKnownFileType = sourcecode.cpp.h; path = GameObjectManager.hpp; sourceTree = "<group>"; };
		67137B342177C3AA009C9C58 /* stage.png */ = {isa = PBXFileReference; lastKnownFileType = image.png; name = stage.png; path = ../../../Desktop/stage.png; sourceTree = "<group>"; };
		67137B362177C7FB009C9C58 /* Player.cpp */ = {isa = PBXFileReference; lastKnownFileType = sourcecode.cpp.cpp; path = Player.cpp; sourceTree = "<group>"; };
		67137B372177C7FB009C9C58 /* Player.hpp */ = {isa = PBXFileReference; lastKnownFileType = sourcecode.cpp.h; path = Player.hpp; sourceTree = "<group>"; };
		67137B3D21790818009C9C58 /* Animation.cpp */ = {isa = PBXFileReference; lastKnownFileType = sourcecode.cpp.cpp; path = Animation.cpp; sourceTree = "<group>"; };
		67137B3E21790818009C9C58 /* Animation.hpp */ = {isa = PBXFileReference; lastKnownFileType = sourcecode.cpp.h; path = Animation.hpp; sourceTree = "<group>"; };
		67137B4221792884009C9C58 /* supermario.png */ = {isa = PBXFileReference; lastKnownFileType = image.png; name = supermario.png; path = ../../../Desktop/supermario.png; sourceTree = "<group>"; };
		67F9CFFA2176610400E4B0E6 /* sfml-learning.app */ = {isa = PBXFileReference; explicitFileType = wrapper.application; includeInIndex = 0; path = "sfml-learning.app"; sourceTree = BUILT_PRODUCTS_DIR; };
		67F9CFFE2176610400E4B0E6 /* sfml-learning-Info.plist */ = {isa = PBXFileReference; lastKnownFileType = text.plist.xml; path = "sfml-learning-Info.plist"; sourceTree = "<group>"; };
		67F9CFFF2176610400E4B0E6 /* ResourcePath.mm */ = {isa = PBXFileReference; lastKnownFileType = sourcecode.cpp.objcpp; path = ResourcePath.mm; sourceTree = "<group>"; };
		67F9D0012176610400E4B0E6 /* ResourcePath.hpp */ = {isa = PBXFileReference; lastKnownFileType = sourcecode.cpp.h; path = ResourcePath.hpp; sourceTree = "<group>"; };
		67F9D0022176610400E4B0E6 /* main.cpp */ = {isa = PBXFileReference; lastKnownFileType = sourcecode.cpp.cpp; path = main.cpp; sourceTree = "<group>"; };
		67F9D00B2176610400E4B0E6 /* icon.png */ = {isa = PBXFileReference; lastKnownFileType = image.png; path = icon.png; sourceTree = "<group>"; };
		67F9D0122176690C00E4B0E6 /* Game.cpp */ = {isa = PBXFileReference; lastKnownFileType = sourcecode.cpp.cpp; path = Game.cpp; sourceTree = "<group>"; };
		67F9D0132176690C00E4B0E6 /* Game.hpp */ = {isa = PBXFileReference; lastKnownFileType = sourcecode.cpp.h; path = Game.hpp; sourceTree = "<group>"; };
/* End PBXFileReference section */

/* Begin PBXFrameworksBuildPhase section */
		67F9CFF62176610400E4B0E6 /* Frameworks */ = {
			isa = PBXFrameworksBuildPhase;
			buildActionMask = 2147483647;
			files = (
			);
			runOnlyForDeploymentPostprocessing = 0;
		};
/* End PBXFrameworksBuildPhase section */

/* Begin PBXGroup section */
		67F9CFF02176610400E4B0E6 = {
			isa = PBXGroup;
			children = (
				67F9CFFC2176610400E4B0E6 /* sfml-learning */,
				67F9CFFB2176610400E4B0E6 /* Products */,
			);
			sourceTree = "<group>";
		};
		67F9CFFB2176610400E4B0E6 /* Products */ = {
			isa = PBXGroup;
			children = (
				67F9CFFA2176610400E4B0E6 /* sfml-learning.app */,
			);
			name = Products;
			sourceTree = "<group>";
		};
		67F9CFFC2176610400E4B0E6 /* sfml-learning */ = {
			isa = PBXGroup;
			children = (
				67F9CFFF2176610400E4B0E6 /* ResourcePath.mm */,
				67F9D0012176610400E4B0E6 /* ResourcePath.hpp */,
				67F9D0022176610400E4B0E6 /* main.cpp */,
				67F9D0042176610400E4B0E6 /* Resources */,
				67F9CFFD2176610400E4B0E6 /* Supporting Files */,
				67F9D0122176690C00E4B0E6 /* Game.cpp */,
				67F9D0132176690C00E4B0E6 /* Game.hpp */,
				67137B2E217671C1009C9C58 /* GameObject.cpp */,
				67137B2F217671C1009C9C58 /* GameObject.hpp */,
				67137B3121767611009C9C58 /* GameObjectManager.cpp */,
				67137B3221767611009C9C58 /* GameObjectManager.hpp */,
				67137B362177C7FB009C9C58 /* Player.cpp */,
				67137B372177C7FB009C9C58 /* Player.hpp */,
				67137B3D21790818009C9C58 /* Animation.cpp */,
				67137B3E21790818009C9C58 /* Animation.hpp */,
			);
			path = "sfml-learning";
			sourceTree = "<group>";
		};
		67F9CFFD2176610400E4B0E6 /* Supporting Files */ = {
			isa = PBXGroup;
			children = (
				67F9CFFE2176610400E4B0E6 /* sfml-learning-Info.plist */,
			);
			name = "Supporting Files";
			sourceTree = "<group>";
		};
		67F9D0042176610400E4B0E6 /* Resources */ = {
			isa = PBXGroup;
			children = (
				67137B4221792884009C9C58 /* supermario.png */,
				67137B342177C3AA009C9C58 /* stage.png */,
				67F9D00B2176610400E4B0E6 /* icon.png */,
			);
			name = Resources;
			sourceTree = "<group>";
		};
/* End PBXGroup section */

/* Begin PBXNativeTarget section */
		67F9CFF92176610400E4B0E6 /* sfml-learning */ = {
			isa = PBXNativeTarget;
			buildConfigurationList = 67F9D00F2176610400E4B0E6 /* Build configuration list for PBXNativeTarget "sfml-learning" */;
			buildPhases = (
				67F9CFF52176610400E4B0E6 /* Sources */,
				67F9CFF62176610400E4B0E6 /* Frameworks */,
				67F9CFF72176610400E4B0E6 /* Resources */,
				67F9CFF82176610400E4B0E6 /* ShellScript */,
			);
			buildRules = (
			);
			dependencies = (
			);
			name = "sfml-learning";
			productName = "sfml-learning";
			productReference = 67F9CFFA2176610400E4B0E6 /* sfml-learning.app */;
			productType = "com.apple.product-type.application";
		};
/* End PBXNativeTarget section */

/* Begin PBXProject section */
		67F9CFF12176610400E4B0E6 /* Project object */ = {
			isa = PBXProject;
			attributes = {
				LastUpgradeCheck = 1000;
				ORGANIZATIONNAME = "Fabian Schilf";
				TargetAttributes = {
					67F9CFF92176610400E4B0E6 = {
						CreatedOnToolsVersion = 10.0;
					};
				};
			};
			buildConfigurationList = 67F9CFF42176610400E4B0E6 /* Build configuration list for PBXProject "sfml-learning" */;
			compatibilityVersion = "Xcode 9.3";
			developmentRegion = en;
			hasScannedForEncodings = 0;
			knownRegions = (
				en,
			);
			mainGroup = 67F9CFF02176610400E4B0E6;
			productRefGroup = 67F9CFFB2176610400E4B0E6 /* Products */;
			projectDirPath = "";
			projectRoot = "";
			targets = (
				67F9CFF92176610400E4B0E6 /* sfml-learning */,
			);
		};
/* End PBXProject section */

/* Begin PBXResourcesBuildPhase section */
		67F9CFF72176610400E4B0E6 /* Resources */ = {
			isa = PBXResourcesBuildPhase;
			buildActionMask = 2147483647;
			files = (
				67137B4321792884009C9C58 /* supermario.png in Resources */,
				67137B352177C3AA009C9C58 /* stage.png in Resources */,
				67F9D00C2176610400E4B0E6 /* icon.png in Resources */,
			);
			runOnlyForDeploymentPostprocessing = 0;
		};
/* End PBXResourcesBuildPhase section */

/* Begin PBXShellScriptBuildPhase section */
		67F9CFF82176610400E4B0E6 /* ShellScript */ = {
			isa = PBXShellScriptBuildPhase;
			buildActionMask = 2147483647;
			files = (
			);
			inputFileListPaths = (
			);
			inputPaths = (
			);
			outputFileListPaths = (
			);
			outputPaths = (
			);
			runOnlyForDeploymentPostprocessing = 0;
			shellPath = /bin/sh;
			shellScript = "# This shell script simply copies required SFML dylibs/frameworks into the application bundle frameworks folder.\n# If you're using static libraries (which is not recommended) you should remove this script from your project.\n\n# SETTINGS\nSFML_DEPENDENCIES_INSTALL_PREFIX=\"/Library/Frameworks\"\nCMAKE_INSTALL_FRAMEWORK_PREFIX=\"/Library/Frameworks\"\nCMAKE_INSTALL_LIB_PREFIX=\"/usr/local/lib\"\nFRAMEWORKS_FULL_PATH=\"$BUILT_PRODUCTS_DIR/$FRAMEWORKS_FOLDER_PATH/\"\n\n# Are we building a project that uses frameworks or dylibs?\ncase \"$SFML_BINARY_TYPE\" in\n    DYLIBS)\n        frameworks=\"false\"\n        ;;\n    *)\n        frameworks=\"true\"\n        ;;\nesac\n\n# Echoes to stderr\nerror () # $* message to display\n{\n    echo $* 1>&2\n    exit 2\n}\n\nassert () # $1 is a boolean, $2...N is an error message\n{\n    if [ $# -lt 2 ]\n    then\n        error \"Internal error in assert: not enough args\"\n    fi\n\n    if [ $1 -ne 0 ]\n    then\n        shift\n        error \"$*\"\n    fi\n}\n\nforce_remove () # $@ is some paths\n{\n    test $# -ge 1\n    assert $? \"force_remove() requires at least one parameter\"\n    rm -fr $@\n    assert $? \"couldn't remove $@\"\n}\n\ncopy () # $1 is a source, $2 is a destination\n{\n    test $# -eq 2\n    assert $? \"copy() requires two parameters\"\n    ditto \"$1\" \"$2\"\n    assert $? \"couldn't copy $1 to $2\"\n}\n\nrequire () # $1 is a SFML module like 'system' or 'audio'\n{\n    dest=\"$BUILT_PRODUCTS_DIR/$FRAMEWORKS_FOLDER_PATH/\"\n\n    if [ -z \"$1\" ]\n    then\n        error \"require() requires one parameter!\"\n    else\n        # clean potentially old stuff\n        force_remove \"$dest/libsfml-$1\"*\n        force_remove \"$dest/sfml-$1.framework\"\n\n        # copy SFML libraries\n        if [ \"$frameworks\" = \"true\" ]\n        then\n            source=\"$CMAKE_INSTALL_FRAMEWORK_PREFIX/sfml-$1.framework\"\n            target=\"sfml-$1.framework\"\n        elif [ \"$SFML_LINK_DYLIBS_SUFFIX\" = \"-d\" ]\n        then\n            source=\"$CMAKE_INSTALL_LIB_PREFIX/libsfml-$1-d.dylib\"\n            target=\"`readlink $source`\"\n        else\n            source=\"$CMAKE_INSTALL_LIB_PREFIX/libsfml-$1.dylib\"\n            target=\"`readlink $source`\"\n        fi\n\n        copy \"$source\" \"$dest/$target\"\n\n        # copy extra dependencies\n        if [ \"$1\" = \"audio\" ]\n        then\n            # copy \"FLAC\" \"ogg\" \"vorbis\" \"vorbisenc\" \"vorbisfile\" \"OpenAL\" frameworks too\n            for f in \"FLAC\" \"ogg\" \"vorbis\" \"vorbisenc\" \"vorbisfile\" \"OpenAL\"\n            do\n                copy \"$SFML_DEPENDENCIES_INSTALL_PREFIX/$f.framework\" \"$dest/$f.framework\"\n            done\n        elif [ \"$1\" = \"graphics\" ]\n        then\n            copy \"$SFML_DEPENDENCIES_INSTALL_PREFIX/freetype.framework\" \"$dest/freetype.framework\"\n        fi\n    fi\n}\n\nif [ -n \"$SFML_SYSTEM\" ]\nthen\n    require \"system\"\nfi\n\nif [ -n \"$SFML_AUDIO\" ]\nthen\n    require \"audio\"\nfi\n\nif [ -n \"$SFML_NETWORK\" ]\nthen\n    require \"network\"\nfi\n\nif [ -n \"$SFML_WINDOW\" ]\nthen\n    require \"window\"\nfi\n\nif [ -n \"$SFML_GRAPHICS\" ]\nthen\n    require \"graphics\"\nfi\n\n                ";
		};
/* End PBXShellScriptBuildPhase section */

/* Begin PBXSourcesBuildPhase section */
		67F9CFF52176610400E4B0E6 /* Sources */ = {
			isa = PBXSourcesBuildPhase;
			buildActionMask = 2147483647;
			files = (
				67F9D0032176610400E4B0E6 /* main.cpp in Sources */,
				67F9D0142176690C00E4B0E6 /* Game.cpp in Sources */,
				67137B382177C7FB009C9C58 /* Player.cpp in Sources */,
				67137B3F21790818009C9C58 /* Animation.cpp in Sources */,
				67137B30217671C1009C9C58 /* GameObject.cpp in Sources */,
				67137B3321767611009C9C58 /* GameObjectManager.cpp in Sources */,
				67F9D0002176610400E4B0E6 /* ResourcePath.mm in Sources */,
			);
			runOnlyForDeploymentPostprocessing = 0;
		};
/* End PBXSourcesBuildPhase section */

/* Begin XCBuildConfiguration section */
		67F9D00D2176610400E4B0E6 /* Debug */ = {
			isa = XCBuildConfiguration;
			buildSettings = {
				ARCHS = "$(NATIVE_ARCH_ACTUAL)";
				CLANG_CXX_LANGUAGE_STANDARD = "c++11";
				CLANG_CXX_LIBRARY = "libc++";
				FRAMEWORK_SEARCH_PATHS = (
					/Library/Frameworks/,
					"$(inherited)",
				);
				GCC_VERSION = com.apple.compilers.llvm.clang.1_0;
				HEADER_SEARCH_PATHS = (
					/usr/local/include/,
					"$(inherited)",
				);
				LIBRARY_SEARCH_PATHS = (
					/usr/local/lib/,
					"$(inherited)",
				);
				MACOSX_DEPLOYMENT_TARGET = 10.7;
				OTHER_LDFLAGS = (
					"$(inherited)",
					"$(SFML_SYSTEM)",
					"$(SFML_WINDOW)",
					"$(SFML_GRAPHICS)",
					"$(SFML_AUDIO)",
					"$(SFML_NETWORK)",
				);
				SFML_AUDIO = "$(SFML_LINK_PREFIX) sfml-audio$(SFML_LINK_SUFFIX)";
				SFML_BINARY_TYPE = FRAMEWORKS;
				SFML_GRAPHICS = "$(SFML_LINK_PREFIX) sfml-graphics$(SFML_LINK_SUFFIX)";
				SFML_LINK_DYLIBS_PREFIX = "-l";
				SFML_LINK_DYLIBS_SUFFIX = "";
				SFML_LINK_FRAMEWORKS_PREFIX = "-framework";
				SFML_LINK_FRAMEWORKS_SUFFIX = "";
				SFML_LINK_PREFIX = "$(SFML_LINK_$(SFML_BINARY_TYPE)_PREFIX)";
				SFML_LINK_SUFFIX = "$(SFML_LINK_$(SFML_BINARY_TYPE)_SUFFIX)";
				SFML_NETWORK = "$(SFML_LINK_PREFIX) sfml-network$(SFML_LINK_SUFFIX)";
				SFML_SYSTEM = "$(SFML_LINK_PREFIX) sfml-system$(SFML_LINK_SUFFIX)";
				SFML_WINDOW = "$(SFML_LINK_PREFIX) sfml-window$(SFML_LINK_SUFFIX)";
				SUPPORTED_PLATFORMS = macosx;
			};
			name = Debug;
		};
		67F9D00E2176610400E4B0E6 /* Release */ = {
			isa = XCBuildConfiguration;
			buildSettings = {
				ARCHS = "$(NATIVE_ARCH_ACTUAL)";
				CLANG_CXX_LANGUAGE_STANDARD = "c++11";
				CLANG_CXX_LIBRARY = "libc++";
				FRAMEWORK_SEARCH_PATHS = (
					/Library/Frameworks/,
					"$(inherited)",
				);
				GCC_VERSION = com.apple.compilers.llvm.clang.1_0;
				HEADER_SEARCH_PATHS = (
					/usr/local/include/,
					"$(inherited)",
				);
				LIBRARY_SEARCH_PATHS = (
					/usr/local/lib/,
					"$(inherited)",
				);
				MACOSX_DEPLOYMENT_TARGET = 10.7;
				OTHER_LDFLAGS = (
					"$(inherited)",
					"$(SFML_SYSTEM)",
					"$(SFML_WINDOW)",
					"$(SFML_GRAPHICS)",
					"$(SFML_AUDIO)",
					"$(SFML_NETWORK)",
				);
				SFML_AUDIO = "$(SFML_LINK_PREFIX) sfml-audio$(SFML_LINK_SUFFIX)";
				SFML_BINARY_TYPE = FRAMEWORKS;
				SFML_GRAPHICS = "$(SFML_LINK_PREFIX) sfml-graphics$(SFML_LINK_SUFFIX)";
				SFML_LINK_DYLIBS_PREFIX = "-l";
				SFML_LINK_DYLIBS_SUFFIX = "";
				SFML_LINK_FRAMEWORKS_PREFIX = "-framework";
				SFML_LINK_FRAMEWORKS_SUFFIX = "";
				SFML_LINK_PREFIX = "$(SFML_LINK_$(SFML_BINARY_TYPE)_PREFIX)";
				SFML_LINK_SUFFIX = "$(SFML_LINK_$(SFML_BINARY_TYPE)_SUFFIX)";
				SFML_NETWORK = "$(SFML_LINK_PREFIX) sfml-network$(SFML_LINK_SUFFIX)";
				SFML_SYSTEM = "$(SFML_LINK_PREFIX) sfml-system$(SFML_LINK_SUFFIX)";
				SFML_WINDOW = "$(SFML_LINK_PREFIX) sfml-window$(SFML_LINK_SUFFIX)";
				SUPPORTED_PLATFORMS = macosx;
			};
			name = Release;
		};
		67F9D0102176610400E4B0E6 /* Debug */ = {
			isa = XCBuildConfiguration;
			buildSettings = {
				ALWAYS_SEARCH_USER_PATHS = NO;
				ARCHS = "$(NATIVE_ARCH_ACTUAL)";
				CODE_SIGN_STYLE = Automatic;
				INFOPLIST_FILE = "sfml-learning/sfml-learning-Info.plist";
				LD_RUNPATH_SEARCH_PATHS = "@loader_path/../Frameworks";
				PRODUCT_NAME = "$(TARGET_NAME)";
			};
			name = Debug;
		};
		67F9D0112176610400E4B0E6 /* Release */ = {
			isa = XCBuildConfiguration;
			buildSettings = {
				ALWAYS_SEARCH_USER_PATHS = NO;
				ARCHS = "$(NATIVE_ARCH_ACTUAL)";
				CODE_SIGN_STYLE = Automatic;
				INFOPLIST_FILE = "sfml-learning/sfml-learning-Info.plist";
				LD_RUNPATH_SEARCH_PATHS = "@loader_path/../Frameworks";
				PRODUCT_NAME = "$(TARGET_NAME)";
			};
			name = Release;
		};
/* End XCBuildConfiguration section */

/* Begin XCConfigurationList section */
		67F9CFF42176610400E4B0E6 /* Build configuration list for PBXProject "sfml-learning" */ = {
			isa = XCConfigurationList;
			buildConfigurations = (
				67F9D00D2176610400E4B0E6 /* Debug */,
				67F9D00E2176610400E4B0E6 /* Release */,
			);
			defaultConfigurationIsVisible = 0;
			defaultConfigurationName = Release;
		};
		67F9D00F2176610400E4B0E6 /* Build configuration list for PBXNativeTarget "sfml-learning" */ = {
			isa = XCConfigurationList;
			buildConfigurations = (
				67F9D0102176610400E4B0E6 /* Debug */,
				67F9D0112176610400E4B0E6 /* Release */,
			);
			defaultConfigurationIsVisible = 0;
			defaultConfigurationName = Release;
		};
/* End XCConfigurationList section */
	};
	rootObject = 67F9CFF12176610400E4B0E6 /* Project object */;
}
